
Microsoft Visual Studio Solution File, Format Version 12.00
Project("{2150E333-8FDC-42A3-9474-1A3956D46DE8}") = "src", "src", "{BE1ADBF7-C351-4F3F-8119-6EC57505D2AC}"
EndProject
Project("{FAE04EC0-301F-11D3-BF4B-00C04F79EFBC}") = "JPollen", "src\JPollen\JPollen.csproj", "{1976BE1F-6874-4268-AB60-26AC1B860368}"
EndProject
Project("{2150E333-8FDC-42A3-9474-1A3956D46DE8}") = "examples", "examples", "{77DA4FA7-1876-4B4C-AA5F-596A86C7556F}"
EndProject
Project("{FAE04EC0-301F-11D3-BF4B-00C04F79EFBC}") = "CasePresenter", "examples\CasePresenter\CasePresenter.csproj", "{E004DAE6-22C8-4F3F-9930-2924AA82A55F}"
EndProject
Global
	GlobalSection(SolutionConfigurationPlatforms) = preSolution
		Debug|Any CPU = Debug|Any CPU
		Release|Any CPU = Release|Any CPU
	EndGlobalSection
	GlobalSection(ProjectConfigurationPlatforms) = postSolution
		{1976BE1F-6874-4268-AB60-26AC1B860368}.Debug|Any CPU.ActiveCfg = Debug|Any CPU
		{1976BE1F-6874-4268-AB60-26AC1B860368}.Debug|Any CPU.Build.0 = Debug|Any CPU
		{1976BE1F-6874-4268-AB60-26AC1B860368}.Release|Any CPU.ActiveCfg = Release|Any CPU
		{1976BE1F-6874-4268-AB60-26AC1B860368}.Release|Any CPU.Build.0 = Release|Any CPU
		{E004DAE6-22C8-4F3F-9930-2924AA82A55F}.Debug|Any CPU.ActiveCfg = Debug|Any CPU
		{E004DAE6-22C8-4F3F-9930-2924AA82A55F}.Debug|Any CPU.Build.0 = Debug|Any CPU
		{E004DAE6-22C8-4F3F-9930-2924AA82A55F}.Release|Any CPU.ActiveCfg = Release|Any CPU
		{E004DAE6-22C8-4F3F-9930-2924AA82A55F}.Release|Any CPU.Build.0 = Release|Any CPU
	EndGlobalSection
	GlobalSection(NestedProjects) = preSolution
		{1976BE1F-6874-4268-AB60-26AC1B860368} = {BE1ADBF7-C351-4F3F-8119-6EC57505D2AC}
		{E004DAE6-22C8-4F3F-9930-2924AA82A55F} = {77DA4FA7-1876-4B4C-AA5F-596A86C7556F}
	EndGlobalSection
EndGlobal
